
Microsoft Visual Studio Solution File, Format Version 12.00
# Visual Studio Version 17
VisualStudioVersion = 17.3.32825.248
MinimumVisualStudioVersion = 10.0.40219.1
Project("{FAE04EC0-301F-11D3-BF4B-00C04F79EFBC}") = "fall2022 Hello World", "fall2022 Hello World\fall2022 Hello World.csproj", "{C59578C7-15C9-49E9-A2AE-9DD413DC7966}"
EndProject
Global
	GlobalSection(SolutionConfigurationPlatforms) = preSolution
		Debug|Any CPU = Debug|Any CPU
		Release|Any CPU = Release|Any CPU
	EndGlobalSection
	GlobalSection(ProjectConfigurationPlatforms) = postSolution
		{C59578C7-15C9-49E9-A2AE-9DD413DC7966}.Debug|Any CPU.ActiveCfg = Debug|Any CPU
		{C59578C7-15C9-49E9-A2AE-9DD413DC7966}.Debug|Any CPU.Build.0 = Debug|Any CPU
		{C59578C7-15C9-49E9-A2AE-9DD413DC7966}.Release|Any CPU.ActiveCfg = Release|Any CPU
		{C59578C7-15C9-49E9-A2AE-9DD413DC7966}.Release|Any CPU.Build.0 = Release|Any CPU
	EndGlobalSection
	GlobalSection(SolutionProperties) = preSolution
		HideSolutionNode = FALSE
	EndGlobalSection
	GlobalSection(ExtensibilityGlobals) = postSolution
		SolutionGuid = {41DC92E7-E19F-40A7-91A8-81179B9D516B}
	EndGlobalSection
EndGlobal
