
Microsoft Visual Studio Solution File, Format Version 12.00
# Visual Studio Version 17
VisualStudioVersion = 17.3.32825.248
MinimumVisualStudioVersion = 10.0.40219.1
Project("{FAE04EC0-301F-11D3-BF4B-00C04F79EFBC}") = "Variable-and-operator-review", "Variable-and-operator-review\Variable-and-operator-review.csproj", "{657AF72E-C6EA-4050-9E76-613096C4E574}"
EndProject
Global
	GlobalSection(SolutionConfigurationPlatforms) = preSolution
		Debug|Any CPU = Debug|Any CPU
		Release|Any CPU = Release|Any CPU
	EndGlobalSection
	GlobalSection(ProjectConfigurationPlatforms) = postSolution
		{657AF72E-C6EA-4050-9E76-613096C4E574}.Debug|Any CPU.ActiveCfg = Debug|Any CPU
		{657AF72E-C6EA-4050-9E76-613096C4E574}.Debug|Any CPU.Build.0 = Debug|Any CPU
		{657AF72E-C6EA-4050-9E76-613096C4E574}.Release|Any CPU.ActiveCfg = Release|Any CPU
		{657AF72E-C6EA-4050-9E76-613096C4E574}.Release|Any CPU.Build.0 = Release|Any CPU
	EndGlobalSection
	GlobalSection(SolutionProperties) = preSolution
		HideSolutionNode = FALSE
	EndGlobalSection
	GlobalSection(ExtensibilityGlobals) = postSolution
		SolutionGuid = {58546C00-DCB5-41C0-BE4C-6E92DC7BF678}
	EndGlobalSection
EndGlobal
